// !$*UTF8*$!
{
	archiveVersion = 1;
	classes = {
	};
	objectVersion = 56;
	objects = {

/* Begin PBXBuildFile section */
		A11111111111111111111111 /* WatchLaterApp.swift in Sources */ = {isa = PBXBuildFile; fileRef = A11111111111111111111112 /* WatchLaterApp.swift */; };
		A11111111111111111111113 /* ContentView.swift in Sources */ = {isa = PBXBuildFile; fileRef = A11111111111111111111114 /* ContentView.swift */; };
		A11111111111111111111115 /* Assets.xcassets in Resources */ = {isa = PBXBuildFile; fileRef = A11111111111111111111116 /* Assets.xcassets */; };
		A11111111111111111111117 /* AuthView.swift in Sources */ = {isa = PBXBuildFile; fileRef = A11111111111111111111118 /* AuthView.swift */; };
		A11111111111111111111119 /* HomeView.swift in Sources */ = {isa = PBXBuildFile; fileRef = A1111111111111111111111A /* HomeView.swift */; };
		A1111111111111111111111B /* APIService.swift in Sources */ = {isa = PBXBuildFile; fileRef = A1111111111111111111111C /* APIService.swift */; };
		A1111111111111111111111D /* User.swift in Sources */ = {isa = PBXBuildFile; fileRef = A1111111111111111111111E /* User.swift */; };
		A11111111111111111111120 /* AuthManager.swift in Sources */ = {isa = PBXBuildFile; fileRef = A11111111111111111111121 /* AuthManager.swift */; };
		A11111111111111111111122 /* HomeViewModel.swift in Sources */ = {isa = PBXBuildFile; fileRef = A11111111111111111111123 /* HomeViewModel.swift */; };
		A11111111111111111111124 /* GoogleSignInService.swift in Sources */ = {isa = PBXBuildFile; fileRef = A11111111111111111111125 /* GoogleSignInService.swift */; };
		B22222222222222222222221 /* ShareViewController.swift in Sources */ = {isa = PBXBuildFile; fileRef = B22222222222222222222222 /* ShareViewController.swift */; };
		B22222222222222222222224 /* WatchLaterShareExtension.appex in Embed Foundation Extensions */ = {isa = PBXBuildFile; fileRef = B22222222222222222222220 /* WatchLaterShareExtension.appex */; settings = {ATTRIBUTES = (RemoveHeadersOnCopy, ); }; };
/* End PBXBuildFile section */

/* Begin PBXContainerItemProxy section */
		B22222222222222222222225 /* PBXContainerItemProxy */ = {
			isa = PBXContainerItemProxy;
			containerPortal = A111111111111111111111FE /* Project object */;
			proxyType = 1;
			remoteGlobalIDString = B2222222222222222222221F;
			remoteInfo = WatchLaterShareExtension;
		};
/* End PBXContainerItemProxy section */

/* Begin PBXCopyFilesBuildPhase section */
		B22222222222222222222227 /* Embed Foundation Extensions */ = {
			isa = PBXCopyFilesBuildPhase;
			buildActionMask = 2147483647;
			dstPath = "";
			dstSubfolderSpec = 13;
			files = (
				B22222222222222222222224 /* WatchLaterShareExtension.appex in Embed Foundation Extensions */,
			);
			name = "Embed Foundation Extensions";
			runOnlyForDeploymentPostprocessing = 0;
		};
/* End PBXCopyFilesBuildPhase section */

/* Begin PBXFileReference section */
		A11111111111111111111100 /* WatchLater.app */ = {isa = PBXFileReference; explicitFileType = wrapper.application; includeInIndex = 0; path = WatchLater.app; sourceTree = BUILT_PRODUCTS_DIR; };
		A11111111111111111111112 /* WatchLaterApp.swift */ = {isa = PBXFileReference; lastKnownFileType = sourcecode.swift; path = WatchLaterApp.swift; sourceTree = "<group>"; };
		A11111111111111111111114 /* ContentView.swift */ = {isa = PBXFileReference; lastKnownFileType = sourcecode.swift; path = ContentView.swift; sourceTree = "<group>"; };
		A11111111111111111111116 /* Assets.xcassets */ = {isa = PBXFileReference; lastKnownFileType = folder.assetcatalog; path = Assets.xcassets; sourceTree = "<group>"; };
		A11111111111111111111118 /* AuthView.swift */ = {isa = PBXFileReference; lastKnownFileType = sourcecode.swift; path = AuthView.swift; sourceTree = "<group>"; };
		A1111111111111111111111A /* HomeView.swift */ = {isa = PBXFileReference; lastKnownFileType = sourcecode.swift; path = HomeView.swift; sourceTree = "<group>"; };
		A1111111111111111111111C /* APIService.swift */ = {isa = PBXFileReference; lastKnownFileType = sourcecode.swift; path = APIService.swift; sourceTree = "<group>"; };
		A1111111111111111111111E /* User.swift */ = {isa = PBXFileReference; lastKnownFileType = sourcecode.swift; path = User.swift; sourceTree = "<group>"; };
		A11111111111111111111121 /* AuthManager.swift */ = {isa = PBXFileReference; lastKnownFileType = sourcecode.swift; path = AuthManager.swift; sourceTree = "<group>"; };
		A11111111111111111111123 /* HomeViewModel.swift */ = {isa = PBXFileReference; lastKnownFileType = sourcecode.swift; path = HomeViewModel.swift; sourceTree = "<group>"; };
		A11111111111111111111125 /* GoogleSignInService.swift */ = {isa = PBXFileReference; lastKnownFileType = sourcecode.swift; path = GoogleSignInService.swift; sourceTree = "<group>"; };
		B22222222222222222222220 /* WatchLaterShareExtension.appex */ = {isa = PBXFileReference; explicitFileType = "wrapper.app-extension"; includeInIndex = 0; path = WatchLaterShareExtension.appex; sourceTree = BUILT_PRODUCTS_DIR; };
		B22222222222222222222222 /* ShareViewController.swift */ = {isa = PBXFileReference; lastKnownFileType = sourcecode.swift; path = ShareViewController.swift; sourceTree = "<group>"; };
		B22222222222222222222223 /* Info.plist */ = {isa = PBXFileReference; lastKnownFileType = text.plist.xml; path = Info.plist; sourceTree = "<group>"; };
/* End PBXFileReference section */

/* Begin PBXGroup section */
		A11111111111111111111101 = {
			isa = PBXGroup;
			children = (
				A11111111111111111111102 /* WatchLater */,
				B22222222222222222222228 /* WatchLaterShareExtension */,
				A11111111111111111111103 /* Products */,
			);
			sourceTree = "<group>";
		};
		A11111111111111111111102 /* WatchLater */ = {
			isa = PBXGroup;
			children = (
				A11111111111111111111112 /* WatchLaterApp.swift */,
				A11111111111111111111114 /* ContentView.swift */,
				A11111111111111111111104 /* Views */,
				A11111111111111111111105 /* Models */,
				A11111111111111111111106 /* Services */,
				A11111111111111111111116 /* Assets.xcassets */,
			);
			path = WatchLater;
			sourceTree = "<group>";
		};
		A11111111111111111111103 /* Products */ = {
			isa = PBXGroup;
			children = (
				A11111111111111111111100 /* WatchLater.app */,
				B22222222222222222222220 /* WatchLaterShareExtension.appex */,
			);
			name = Products;
			sourceTree = "<group>";
		};
		A11111111111111111111104 /* Views */ = {
			isa = PBXGroup;
			children = (
				A11111111111111111111118 /* AuthView.swift */,
				A1111111111111111111111A /* HomeView.swift */,
			);
			path = Views;
			sourceTree = "<group>";
		};
		A11111111111111111111105 /* Models */ = {
			isa = PBXGroup;
			children = (
				A1111111111111111111111E /* User.swift */,
			);
			path = Models;
			sourceTree = "<group>";
		};
		A11111111111111111111106 /* Services */ = {
			isa = PBXGroup;
			children = (
				A1111111111111111111111C /* APIService.swift */,
				A11111111111111111111121 /* AuthManager.swift */,
				A11111111111111111111125 /* GoogleSignInService.swift */,
				A11111111111111111111123 /* HomeViewModel.swift */,
			);
			path = Services;
			sourceTree = "<group>";
		};
		B22222222222222222222228 /* WatchLaterShareExtension */ = {
			isa = PBXGroup;
			children = (
				B22222222222222222222222 /* ShareViewController.swift */,
				B22222222222222222222223 /* Info.plist */,
			);
			path = WatchLaterShareExtension;
			sourceTree = "<group>";
		};
/* End PBXGroup section */

/* Begin PBXNativeTarget section */
		A111111111111111111111FF /* WatchLater */ = {
			isa = PBXNativeTarget;
			buildConfigurationList = A111111111111111111111FD /* Build configuration list for PBXNativeTarget "WatchLater" */;
			buildPhases = (
				A111111111111111111111FC /* Sources */,
				A111111111111111111111FB /* Resources */,
				B22222222222222222222227 /* Embed Foundation Extensions */,
			);
			buildRules = (
			);
			dependencies = (
				B22222222222222222222226 /* PBXTargetDependency */,
			);
			name = WatchLater;
			packageProductDependencies = (
			);
			productName = WatchLater;
			productReference = A11111111111111111111100 /* WatchLater.app */;
			productType = "com.apple.product-type.application";
		};
		B2222222222222222222221F /* WatchLaterShareExtension */ = {
			isa = PBXNativeTarget;
			buildConfigurationList = B2222222222222222222222B /* Build configuration list for PBXNativeTarget "WatchLaterShareExtension" */;
			buildPhases = (
				B2222222222222222222221C /* Sources */,
				B2222222222222222222221D /* Frameworks */,
				B2222222222222222222221E /* Resources */,
			);
			buildRules = (
			);
			dependencies = (
			);
			name = WatchLaterShareExtension;
			productName = WatchLaterShareExtension;
			productReference = B22222222222222222222220 /* WatchLaterShareExtension.appex */;
			productType = "com.apple.product-type.app-extension";
		};
/* End PBXNativeTarget section */

/* Begin PBXProject section */
		A111111111111111111111FE /* Project object */ = {
			isa = PBXProject;
			attributes = {
				BuildIndependentTargetsInParallel = 1;
				LastSwiftUpdateCheck = 1500;
				LastUpgradeCheck = 1500;
				TargetAttributes = {
					A111111111111111111111FF = {
						CreatedOnToolsVersion = 15.0;
					};
					B2222222222222222222221F = {
						CreatedOnToolsVersion = 15.0;
					};
				};
			};
			buildConfigurationList = A111111111111111111111F9 /* Build configuration list for PBXProject "WatchLater" */;
			compatibilityVersion = "Xcode 14.0";
			developmentRegion = en;
			hasScannedForEncodings = 0;
			knownRegions = (
				en,
				Base,
			);
			mainGroup = A11111111111111111111101;
			packageReferences = (
			);
			productRefGroup = A11111111111111111111103 /* Products */;
			projectDirPath = "";
			projectRoot = "";
			targets = (
				A111111111111111111111FF /* WatchLater */,
				B2222222222222222222221F /* WatchLaterShareExtension */,
			);
		};
/* End PBXProject section */

/* Begin PBXResourcesBuildPhase section */
		A111111111111111111111FB /* Resources */ = {
			isa = PBXResourcesBuildPhase;
			buildActionMask = 2147483647;
			files = (
				A11111111111111111111115 /* Assets.xcassets in Resources */,
			);
			runOnlyForDeploymentPostprocessing = 0;
		};
		B2222222222222222222221E /* Resources */ = {
			isa = PBXResourcesBuildPhase;
			buildActionMask = 2147483647;
			files = (
			);
			runOnlyForDeploymentPostprocessing = 0;
		};
/* End PBXResourcesBuildPhase section */

/* Begin PBXSourcesBuildPhase section */
		A111111111111111111111FC /* Sources */ = {
			isa = PBXSourcesBuildPhase;
			buildActionMask = 2147483647;
			files = (
				A11111111111111111111111 /* WatchLaterApp.swift in Sources */,
				A11111111111111111111113 /* ContentView.swift in Sources */,
				A11111111111111111111117 /* AuthView.swift in Sources */,
				A11111111111111111111119 /* HomeView.swift in Sources */,
				A1111111111111111111111B /* APIService.swift in Sources */,
				A1111111111111111111111D /* User.swift in Sources */,
				A11111111111111111111120 /* AuthManager.swift in Sources */,
				A11111111111111111111122 /* HomeViewModel.swift in Sources */,
				A11111111111111111111124 /* GoogleSignInService.swift in Sources */,
			);
			runOnlyForDeploymentPostprocessing = 0;
		};
		B2222222222222222222221C /* Sources */ = {
			isa = PBXSourcesBuildPhase;
			buildActionMask = 2147483647;
			files = (
				B22222222222222222222221 /* ShareViewController.swift in Sources */,
			);
			runOnlyForDeploymentPostprocessing = 0;
		};
/* End PBXSourcesBuildPhase section */

/* Begin PBXTargetDependency section */
		B22222222222222222222226 /* PBXTargetDependency */ = {
			isa = PBXTargetDependency;
			target = B2222222222222222222221F /* WatchLaterShareExtension */;
			targetProxy = B22222222222222222222225 /* PBXContainerItemProxy */;
		};
/* End PBXTargetDependency section */

/* Begin PBXFrameworksBuildPhase section */
		B2222222222222222222221D /* Frameworks */ = {
			isa = PBXFrameworksBuildPhase;
			buildActionMask = 2147483647;
			files = (
			);
			runOnlyForDeploymentPostprocessing = 0;
		};
/* End PBXFrameworksBuildPhase section */

/* Begin XCBuildConfiguration section */
		A111111111111111111111F1 /* Debug */ = {
			isa = XCBuildConfiguration;
			buildSettings = {
				ALWAYS_SEARCH_USER_PATHS = NO;
				ASSETCATALOG_COMPILER_GENERATE_SWIFT_ASSET_SYMBOL_EXTENSIONS = YES;
				CLANG_ANALYZER_NONNULL = YES;
				CLANG_CXX_LANGUAGE_STANDARD = "gnu++20";
				CLANG_ENABLE_MODULES = YES;
				CLANG_ENABLE_OBJC_ARC = YES;
				COPY_PHASE_STRIP = NO;
				DEBUG_INFORMATION_FORMAT = dwarf;
				ENABLE_STRICT_OBJC_MSGSEND = YES;
				ENABLE_TESTABILITY = YES;
				GCC_DYNAMIC_NO_PIC = NO;
				GCC_OPTIMIZATION_LEVEL = 0;
				GCC_PREPROCESSOR_DEFINITIONS = (
					"DEBUG=1",
					"$(inherited)",
				);
				GCC_WARN_ABOUT_RETURN_TYPE = YES_ERROR;
				GCC_WARN_UNINITIALIZED_AUTOS = YES_AGGRESSIVE;
				IPHONEOS_DEPLOYMENT_TARGET = 17.0;
				MTL_ENABLE_DEBUG_INFO = INCLUDE_SOURCE;
				ONLY_ACTIVE_ARCH = YES;
				SDKROOT = iphoneos;
				SWIFT_ACTIVE_COMPILATION_CONDITIONS = "DEBUG $(inherited)";
				SWIFT_OPTIMIZATION_LEVEL = "-Onone";
			};
			name = Debug;
		};
		A111111111111111111111F2 /* Release */ = {
			isa = XCBuildConfiguration;
			buildSettings = {
				ALWAYS_SEARCH_USER_PATHS = NO;
				ASSETCATALOG_COMPILER_GENERATE_SWIFT_ASSET_SYMBOL_EXTENSIONS = YES;
				CLANG_ANALYZER_NONNULL = YES;
				CLANG_CXX_LANGUAGE_STANDARD = "gnu++20";
				CLANG_ENABLE_MODULES = YES;
				CLANG_ENABLE_OBJC_ARC = YES;
				COPY_PHASE_STRIP = NO;
				DEBUG_INFORMATION_FORMAT = "dwarf-with-dsym";
				ENABLE_NS_ASSERTIONS = NO;
				ENABLE_STRICT_OBJC_MSGSEND = YES;
				GCC_WARN_ABOUT_RETURN_TYPE = YES_ERROR;
				GCC_WARN_UNINITIALIZED_AUTOS = YES_AGGRESSIVE;
				IPHONEOS_DEPLOYMENT_TARGET = 17.0;
				MTL_ENABLE_DEBUG_INFO = NO;
				SDKROOT = iphoneos;
				SWIFT_COMPILATION_MODE = wholemodule;
				VALIDATE_PRODUCT = YES;
			};
			name = Release;
		};
		A111111111111111111111F3 /* Debug */ = {
			isa = XCBuildConfiguration;
			buildSettings = {
				ASSETCATALOG_COMPILER_APPICON_NAME = AppIcon;
				ASSETCATALOG_COMPILER_GLOBAL_ACCENT_COLOR_NAME = AccentColor;
				CODE_SIGN_ENTITLEMENTS = WatchLater/WatchLater.entitlements;
				CODE_SIGN_STYLE = Automatic;
				CURRENT_PROJECT_VERSION = 1;
				DEVELOPMENT_TEAM = GNG2M47BD7;
				GENERATE_INFOPLIST_FILE = YES;
				INFOPLIST_FILE = WatchLater/Info.plist;
				INFOPLIST_KEY_CFBundleDisplayName = WatchLater;
				INFOPLIST_KEY_UIApplicationSceneManifest_Generation = YES;
				INFOPLIST_KEY_UIApplicationSupportsIndirectInputEvents = YES;
				INFOPLIST_KEY_UILaunchScreen_Generation = YES;
				INFOPLIST_KEY_UISupportedInterfaceOrientations_iPad = "UIInterfaceOrientationPortrait UIInterfaceOrientationPortraitUpsideDown UIInterfaceOrientationLandscapeLeft UIInterfaceOrientationLandscapeRight";
				INFOPLIST_KEY_UISupportedInterfaceOrientations_iPhone = "UIInterfaceOrientationPortrait UIInterfaceOrientationLandscapeLeft UIInterfaceOrientationLandscapeRight";
				LD_RUNPATH_SEARCH_PATHS = (
					"$(inherited)",
					"@executable_path/Frameworks",
				);
				MARKETING_VERSION = 1.0;
				PRODUCT_BUNDLE_IDENTIFIER = com.watchlater.app;
				PRODUCT_NAME = "$(TARGET_NAME)";
				SWIFT_EMIT_LOC_STRINGS = YES;
				SWIFT_VERSION = 5.0;
				TARGETED_DEVICE_FAMILY = "1,2";
			};
			name = Debug;
		};
		A111111111111111111111F4 /* Release */ = {
			isa = XCBuildConfiguration;
			buildSettings = {
				ASSETCATALOG_COMPILER_APPICON_NAME = AppIcon;
				ASSETCATALOG_COMPILER_GLOBAL_ACCENT_COLOR_NAME = AccentColor;
				CODE_SIGN_ENTITLEMENTS = WatchLater/WatchLater.entitlements;
				CODE_SIGN_STYLE = Automatic;
				CURRENT_PROJECT_VERSION = 1;
				DEVELOPMENT_TEAM = GNG2M47BD7;
				GENERATE_INFOPLIST_FILE = YES;
				INFOPLIST_FILE = WatchLater/Info.plist;
				INFOPLIST_KEY_CFBundleDisplayName = WatchLater;
				INFOPLIST_KEY_UIApplicationSceneManifest_Generation = YES;
				INFOPLIST_KEY_UIApplicationSupportsIndirectInputEvents = YES;
				INFOPLIST_KEY_UILaunchScreen_Generation = YES;
				INFOPLIST_KEY_UISupportedInterfaceOrientations_iPad = "UIInterfaceOrientationPortrait UIInterfaceOrientationPortraitUpsideDown UIInterfaceOrientationLandscapeLeft UIInterfaceOrientationLandscapeRight";
				INFOPLIST_KEY_UISupportedInterfaceOrientations_iPhone = "UIInterfaceOrientationPortrait UIInterfaceOrientationLandscapeLeft UIInterfaceOrientationLandscapeRight";
				LD_RUNPATH_SEARCH_PATHS = (
					"$(inherited)",
					"@executable_path/Frameworks",
				);
				MARKETING_VERSION = 1.0;
				PRODUCT_BUNDLE_IDENTIFIER = com.watchlater.app;
				PRODUCT_NAME = "$(TARGET_NAME)";
				SWIFT_EMIT_LOC_STRINGS = YES;
				SWIFT_VERSION = 5.0;
				TARGETED_DEVICE_FAMILY = "1,2";
			};
			name = Release;
		};
		B22222222222222222222229 /* Debug */ = {
			isa = XCBuildConfiguration;
			buildSettings = {
				CODE_SIGN_ENTITLEMENTS = WatchLaterShareExtension/WatchLaterShareExtension.entitlements;
				CODE_SIGN_STYLE = Automatic;
				CURRENT_PROJECT_VERSION = 1;
				DEVELOPMENT_TEAM = GNG2M47BD7;
				GENERATE_INFOPLIST_FILE = YES;
				INFOPLIST_FILE = WatchLaterShareExtension/Info.plist;
				INFOPLIST_KEY_CFBundleDisplayName = "Save to Notion";
				INFOPLIST_KEY_NSHumanReadableCopyright = "";
				LD_RUNPATH_SEARCH_PATHS = (
					"$(inherited)",
					"@executable_path/Frameworks",
					"@executable_path/../../Frameworks",
				);
				MARKETING_VERSION = 1.0;
				PRODUCT_BUNDLE_IDENTIFIER = com.watchlater.app.ShareExtension;
				PRODUCT_NAME = "$(TARGET_NAME)";
				SKIP_INSTALL = YES;
				SWIFT_EMIT_LOC_STRINGS = YES;
				SWIFT_VERSION = 5.0;
				TARGETED_DEVICE_FAMILY = "1,2";
			};
			name = Debug;
		};
		B2222222222222222222222A /* Release */ = {
			isa = XCBuildConfiguration;
			buildSettings = {
				CODE_SIGN_ENTITLEMENTS = WatchLaterShareExtension/WatchLaterShareExtension.entitlements;
				CODE_SIGN_STYLE = Automatic;
				CURRENT_PROJECT_VERSION = 1;
				DEVELOPMENT_TEAM = GNG2M47BD7;
				GENERATE_INFOPLIST_FILE = YES;
				INFOPLIST_FILE = WatchLaterShareExtension/Info.plist;
				INFOPLIST_KEY_CFBundleDisplayName = "Save to Notion";
				INFOPLIST_KEY_NSHumanReadableCopyright = "";
				LD_RUNPATH_SEARCH_PATHS = (
					"$(inherited)",
					"@executable_path/Frameworks",
					"@executable_path/../../Frameworks",
				);
				MARKETING_VERSION = 1.0;
				PRODUCT_BUNDLE_IDENTIFIER = com.watchlater.app.ShareExtension;
				PRODUCT_NAME = "$(TARGET_NAME)";
				SKIP_INSTALL = YES;
				SWIFT_EMIT_LOC_STRINGS = YES;
				SWIFT_VERSION = 5.0;
				TARGETED_DEVICE_FAMILY = "1,2";
			};
			name = Release;
		};
/* End XCBuildConfiguration section */

/* Begin XCConfigurationList section */
		A111111111111111111111F9 /* Build configuration list for PBXProject "WatchLater" */ = {
			isa = XCConfigurationList;
			buildConfigurations = (
				A111111111111111111111F1 /* Debug */,
				A111111111111111111111F2 /* Release */,
			);
			defaultConfigurationIsVisible = 0;
			defaultConfigurationName = Release;
		};
		A111111111111111111111FD /* Build configuration list for PBXNativeTarget "WatchLater" */ = {
			isa = XCConfigurationList;
			buildConfigurations = (
				A111111111111111111111F3 /* Debug */,
				A111111111111111111111F4 /* Release */,
			);
			defaultConfigurationIsVisible = 0;
			defaultConfigurationName = Release;
		};
		B2222222222222222222222B /* Build configuration list for PBXNativeTarget "WatchLaterShareExtension" */ = {
			isa = XCConfigurationList;
			buildConfigurations = (
				B22222222222222222222229 /* Debug */,
				B2222222222222222222222A /* Release */,
			);
			defaultConfigurationIsVisible = 0;
			defaultConfigurationName = Release;
		};
/* End XCConfigurationList section */
	};
	rootObject = A111111111111111111111FE /* Project object */;
}
